
Microsoft Visual Studio Solution File, Format Version 12.00
# Visual Studio Version 16
VisualStudioVersion = 16.0.29609.76
MinimumVisualStudioVersion = 10.0.40219.1
Project("{9A19103F-16F7-4668-BE54-9A1E7A4F7556}") = "GitRepositoryManager", "GitRepositoryManager.csproj", "{7E7B3FE2-5BC2-4FC0-83ED-AB3C58BB4FF9}"
EndProject
Global
	GlobalSection(SolutionConfigurationPlatforms) = preSolution
		Debug|Any CPU = Debug|Any CPU
		Release|Any CPU = Release|Any CPU
	EndGlobalSection
	GlobalSection(ProjectConfigurationPlatforms) = postSolution
		{7E7B3FE2-5BC2-4FC0-83ED-AB3C58BB4FF9}.Debug|Any CPU.ActiveCfg = Debug|Any CPU
		{7E7B3FE2-5BC2-4FC0-83ED-AB3C58BB4FF9}.Debug|Any CPU.Build.0 = Debug|Any CPU
		{7E7B3FE2-5BC2-4FC0-83ED-AB3C58BB4FF9}.Release|Any CPU.ActiveCfg = Release|Any CPU
		{7E7B3FE2-5BC2-4FC0-83ED-AB3C58BB4FF9}.Release|Any CPU.Build.0 = Release|Any CPU
	EndGlobalSection
	GlobalSection(SolutionProperties) = preSolution
		HideSolutionNode = FALSE
	EndGlobalSection
	GlobalSection(ExtensibilityGlobals) = postSolution
		SolutionGuid = {C5EC383D-D061-41F1-9DFF-5ED49E8EED4A}
	EndGlobalSection
EndGlobal
